
Microsoft Visual Studio Solution File, Format Version 12.00
# Visual Studio Version 16
VisualStudioVersion = 16.0.29009.5
MinimumVisualStudioVersion = 10.0.40219.1
Project("{8BC9CEB8-8B4A-11D0-8D11-00A0C91BC942}") = "OOP345Workshops", "OOP345Workshops\OOP345Workshops.vcxproj", "{A97F9662-888E-42A7-9F42-856E394C6337}"
EndProject
Project("{8BC9CEB8-8B4A-11D0-8D11-00A0C91BC942}") = "Virtual Inhertiance Examples", "Virtual Examples\Virtual Examples.vcxproj", "{B7380241-9E8F-4806-988D-55A618C0A9E2}"
EndProject
Project("{8BC9CEB8-8B4A-11D0-8D11-00A0C91BC942}") = "Smart VS Raw Pointers", "Smart VS Raw Pointers\Smart VS Raw Pointers.vcxproj", "{F0035078-B60D-4515-A2BC-819792F9C379}"
EndProject
Project("{8BC9CEB8-8B4A-11D0-8D11-00A0C91BC942}") = "Inheritance", "Inheritance\Inheritance.vcxproj", "{418AC4AA-8362-4777-B93A-0C36D63DC324}"
EndProject
Project("{8BC9CEB8-8B4A-11D0-8D11-00A0C91BC942}") = "FuturePromise", "FuturePromise\FuturePromise.vcxproj", "{00F9BBE0-64DC-497C-A55A-6EC5857490BF}"
EndProject
Project("{8BC9CEB8-8B4A-11D0-8D11-00A0C91BC942}") = "Functor Example", "Functor Example\Functor Example.vcxproj", "{47790E18-6DE4-4127-9126-E1D3B3F354D2}"
EndProject
Project("{8BC9CEB8-8B4A-11D0-8D11-00A0C91BC942}") = "Templates", "Templates\Templates.vcxproj", "{C868167E-87E4-454F-8475-11356F8AAA07}"
EndProject
Project("{8BC9CEB8-8B4A-11D0-8D11-00A0C91BC942}") = "AlgorithumsAndLambda", "AlgorithumsAndLambda\AlgorithumsAndLambda.vcxproj", "{4D5543D1-4FB3-42D4-928C-32F20BCAE193}"
EndProject
Global
	GlobalSection(SolutionConfigurationPlatforms) = preSolution
		Debug|x64 = Debug|x64
		Debug|x86 = Debug|x86
		Release|x64 = Release|x64
		Release|x86 = Release|x86
	EndGlobalSection
	GlobalSection(ProjectConfigurationPlatforms) = postSolution
		{A97F9662-888E-42A7-9F42-856E394C6337}.Debug|x64.ActiveCfg = Debug|x64
		{A97F9662-888E-42A7-9F42-856E394C6337}.Debug|x64.Build.0 = Debug|x64
		{A97F9662-888E-42A7-9F42-856E394C6337}.Debug|x86.ActiveCfg = Debug|Win32
		{A97F9662-888E-42A7-9F42-856E394C6337}.Debug|x86.Build.0 = Debug|Win32
		{A97F9662-888E-42A7-9F42-856E394C6337}.Release|x64.ActiveCfg = Release|x64
		{A97F9662-888E-42A7-9F42-856E394C6337}.Release|x64.Build.0 = Release|x64
		{A97F9662-888E-42A7-9F42-856E394C6337}.Release|x86.ActiveCfg = Release|Win32
		{A97F9662-888E-42A7-9F42-856E394C6337}.Release|x86.Build.0 = Release|Win32
		{B7380241-9E8F-4806-988D-55A618C0A9E2}.Debug|x64.ActiveCfg = Debug|x64
		{B7380241-9E8F-4806-988D-55A618C0A9E2}.Debug|x64.Build.0 = Debug|x64
		{B7380241-9E8F-4806-988D-55A618C0A9E2}.Debug|x86.ActiveCfg = Debug|Win32
		{B7380241-9E8F-4806-988D-55A618C0A9E2}.Debug|x86.Build.0 = Debug|Win32
		{B7380241-9E8F-4806-988D-55A618C0A9E2}.Release|x64.ActiveCfg = Release|x64
		{B7380241-9E8F-4806-988D-55A618C0A9E2}.Release|x64.Build.0 = Release|x64
		{B7380241-9E8F-4806-988D-55A618C0A9E2}.Release|x86.ActiveCfg = Release|Win32
		{B7380241-9E8F-4806-988D-55A618C0A9E2}.Release|x86.Build.0 = Release|Win32
		{F0035078-B60D-4515-A2BC-819792F9C379}.Debug|x64.ActiveCfg = Debug|x64
		{F0035078-B60D-4515-A2BC-819792F9C379}.Debug|x64.Build.0 = Debug|x64
		{F0035078-B60D-4515-A2BC-819792F9C379}.Debug|x86.ActiveCfg = Debug|Win32
		{F0035078-B60D-4515-A2BC-819792F9C379}.Debug|x86.Build.0 = Debug|Win32
		{F0035078-B60D-4515-A2BC-819792F9C379}.Release|x64.ActiveCfg = Release|x64
		{F0035078-B60D-4515-A2BC-819792F9C379}.Release|x64.Build.0 = Release|x64
		{F0035078-B60D-4515-A2BC-819792F9C379}.Release|x86.ActiveCfg = Release|Win32
		{F0035078-B60D-4515-A2BC-819792F9C379}.Release|x86.Build.0 = Release|Win32
		{418AC4AA-8362-4777-B93A-0C36D63DC324}.Debug|x64.ActiveCfg = Debug|x64
		{418AC4AA-8362-4777-B93A-0C36D63DC324}.Debug|x64.Build.0 = Debug|x64
		{418AC4AA-8362-4777-B93A-0C36D63DC324}.Debug|x86.ActiveCfg = Debug|Win32
		{418AC4AA-8362-4777-B93A-0C36D63DC324}.Debug|x86.Build.0 = Debug|Win32
		{418AC4AA-8362-4777-B93A-0C36D63DC324}.Release|x64.ActiveCfg = Release|x64
		{418AC4AA-8362-4777-B93A-0C36D63DC324}.Release|x64.Build.0 = Release|x64
		{418AC4AA-8362-4777-B93A-0C36D63DC324}.Release|x86.ActiveCfg = Release|Win32
		{418AC4AA-8362-4777-B93A-0C36D63DC324}.Release|x86.Build.0 = Release|Win32
		{00F9BBE0-64DC-497C-A55A-6EC5857490BF}.Debug|x64.ActiveCfg = Debug|x64
		{00F9BBE0-64DC-497C-A55A-6EC5857490BF}.Debug|x64.Build.0 = Debug|x64
		{00F9BBE0-64DC-497C-A55A-6EC5857490BF}.Debug|x86.ActiveCfg = Debug|Win32
		{00F9BBE0-64DC-497C-A55A-6EC5857490BF}.Debug|x86.Build.0 = Debug|Win32
		{00F9BBE0-64DC-497C-A55A-6EC5857490BF}.Release|x64.ActiveCfg = Release|x64
		{00F9BBE0-64DC-497C-A55A-6EC5857490BF}.Release|x64.Build.0 = Release|x64
		{00F9BBE0-64DC-497C-A55A-6EC5857490BF}.Release|x86.ActiveCfg = Release|Win32
		{00F9BBE0-64DC-497C-A55A-6EC5857490BF}.Release|x86.Build.0 = Release|Win32
		{47790E18-6DE4-4127-9126-E1D3B3F354D2}.Debug|x64.ActiveCfg = Debug|x64
		{47790E18-6DE4-4127-9126-E1D3B3F354D2}.Debug|x64.Build.0 = Debug|x64
		{47790E18-6DE4-4127-9126-E1D3B3F354D2}.Debug|x86.ActiveCfg = Debug|Win32
		{47790E18-6DE4-4127-9126-E1D3B3F354D2}.Debug|x86.Build.0 = Debug|Win32
		{47790E18-6DE4-4127-9126-E1D3B3F354D2}.Release|x64.ActiveCfg = Release|x64
		{47790E18-6DE4-4127-9126-E1D3B3F354D2}.Release|x64.Build.0 = Release|x64
		{47790E18-6DE4-4127-9126-E1D3B3F354D2}.Release|x86.ActiveCfg = Release|Win32
		{47790E18-6DE4-4127-9126-E1D3B3F354D2}.Release|x86.Build.0 = Release|Win32
		{C868167E-87E4-454F-8475-11356F8AAA07}.Debug|x64.ActiveCfg = Debug|x64
		{C868167E-87E4-454F-8475-11356F8AAA07}.Debug|x64.Build.0 = Debug|x64
		{C868167E-87E4-454F-8475-11356F8AAA07}.Debug|x86.ActiveCfg = Debug|Win32
		{C868167E-87E4-454F-8475-11356F8AAA07}.Debug|x86.Build.0 = Debug|Win32
		{C868167E-87E4-454F-8475-11356F8AAA07}.Release|x64.ActiveCfg = Release|x64
		{C868167E-87E4-454F-8475-11356F8AAA07}.Release|x64.Build.0 = Release|x64
		{C868167E-87E4-454F-8475-11356F8AAA07}.Release|x86.ActiveCfg = Release|Win32
		{C868167E-87E4-454F-8475-11356F8AAA07}.Release|x86.Build.0 = Release|Win32
		{4D5543D1-4FB3-42D4-928C-32F20BCAE193}.Debug|x64.ActiveCfg = Debug|x64
		{4D5543D1-4FB3-42D4-928C-32F20BCAE193}.Debug|x64.Build.0 = Debug|x64
		{4D5543D1-4FB3-42D4-928C-32F20BCAE193}.Debug|x86.ActiveCfg = Debug|Win32
		{4D5543D1-4FB3-42D4-928C-32F20BCAE193}.Debug|x86.Build.0 = Debug|Win32
		{4D5543D1-4FB3-42D4-928C-32F20BCAE193}.Release|x64.ActiveCfg = Release|x64
		{4D5543D1-4FB3-42D4-928C-32F20BCAE193}.Release|x64.Build.0 = Release|x64
		{4D5543D1-4FB3-42D4-928C-32F20BCAE193}.Release|x86.ActiveCfg = Release|Win32
		{4D5543D1-4FB3-42D4-928C-32F20BCAE193}.Release|x86.Build.0 = Release|Win32
	EndGlobalSection
	GlobalSection(SolutionProperties) = preSolution
		HideSolutionNode = FALSE
	EndGlobalSection
	GlobalSection(ExtensibilityGlobals) = postSolution
		SolutionGuid = {8EEDA2C6-F019-435C-B507-AA632F04EAB4}
	EndGlobalSection
EndGlobal
